github.com/future-wd/hugo-imaging-common v0.0.9/go.mod h1:T+CwESc3sveTg/R4X/2AeQszY52MuqfyNuVV2UmSn+E=
github.com/future-wd/hugo-responsive-images v1.4.1 h1:Nnv1i6aIo4WTuFi9DIexOlSUfEfWVtlY+wlKhji01oI=
github.com/future-wd/hugo-responsive-images v1.4.1/go.mod h1:om8SyIf50w/wa/KPTyP4IcesPkhVth+5TCSUF/Ulf3o=
